
Microsoft Visual Studio Solution File, Format Version 12.00
# Visual Studio Version 17
VisualStudioVersion = 17.13.35931.197
MinimumVisualStudioVersion = 10.0.40219.1
Project("{FAE04EC0-301F-11D3-BF4B-00C04F79EFBC}") = "Proje1", "Proje1\Proje1.csproj", "{E040DCED-0251-4842-B6A3-A3D877B49B36}"
EndProject
Project("{FAE04EC0-301F-11D3-BF4B-00C04F79EFBC}") = "Proje1.Data", "Proje1.Data\Proje1.Data.csproj", "{304A4B47-5572-4BC1-A06F-3A117923D49B}"
EndProject
Project("{FAE04EC0-301F-11D3-BF4B-00C04F79EFBC}") = "Proje1.Entities", "Proje1.Entities\Proje1.Entities.csproj", "{A9518BDF-ACE2-48E4-B1C0-87FEBB028474}"
EndProject
Project("{FAE04EC0-301F-11D3-BF4B-00C04F79EFBC}") = "Proje1.Business", "Proje1.Business\Proje1.Business.csproj", "{35E3FF4D-8464-4802-BF2C-210C46232B9B}"
EndProject
Global
	GlobalSection(SolutionConfigurationPlatforms) = preSolution
		Debug|Any CPU = Debug|Any CPU
		Release|Any CPU = Release|Any CPU
	EndGlobalSection
	GlobalSection(ProjectConfigurationPlatforms) = postSolution
		{E040DCED-0251-4842-B6A3-A3D877B49B36}.Debug|Any CPU.ActiveCfg = Debug|Any CPU
		{E040DCED-0251-4842-B6A3-A3D877B49B36}.Debug|Any CPU.Build.0 = Debug|Any CPU
		{E040DCED-0251-4842-B6A3-A3D877B49B36}.Release|Any CPU.ActiveCfg = Release|Any CPU
		{E040DCED-0251-4842-B6A3-A3D877B49B36}.Release|Any CPU.Build.0 = Release|Any CPU
		{304A4B47-5572-4BC1-A06F-3A117923D49B}.Debug|Any CPU.ActiveCfg = Debug|Any CPU
		{304A4B47-5572-4BC1-A06F-3A117923D49B}.Debug|Any CPU.Build.0 = Debug|Any CPU
		{304A4B47-5572-4BC1-A06F-3A117923D49B}.Release|Any CPU.ActiveCfg = Release|Any CPU
		{304A4B47-5572-4BC1-A06F-3A117923D49B}.Release|Any CPU.Build.0 = Release|Any CPU
		{A9518BDF-ACE2-48E4-B1C0-87FEBB028474}.Debug|Any CPU.ActiveCfg = Debug|Any CPU
		{A9518BDF-ACE2-48E4-B1C0-87FEBB028474}.Debug|Any CPU.Build.0 = Debug|Any CPU
		{A9518BDF-ACE2-48E4-B1C0-87FEBB028474}.Release|Any CPU.ActiveCfg = Release|Any CPU
		{A9518BDF-ACE2-48E4-B1C0-87FEBB028474}.Release|Any CPU.Build.0 = Release|Any CPU
		{35E3FF4D-8464-4802-BF2C-210C46232B9B}.Debug|Any CPU.ActiveCfg = Debug|Any CPU
		{35E3FF4D-8464-4802-BF2C-210C46232B9B}.Debug|Any CPU.Build.0 = Debug|Any CPU
		{35E3FF4D-8464-4802-BF2C-210C46232B9B}.Release|Any CPU.ActiveCfg = Release|Any CPU
		{35E3FF4D-8464-4802-BF2C-210C46232B9B}.Release|Any CPU.Build.0 = Release|Any CPU
	EndGlobalSection
	GlobalSection(SolutionProperties) = preSolution
		HideSolutionNode = FALSE
	EndGlobalSection
	GlobalSection(ExtensibilityGlobals) = postSolution
		SolutionGuid = {4329DFB1-71E5-4A46-8629-8FEF3D39EEF5}
	EndGlobalSection
EndGlobal
